
Microsoft Visual Studio Solution File, Format Version 12.00
# Visual Studio 14
VisualStudioVersion = 14.0.25123.0
MinimumVisualStudioVersion = 10.0.40219.1
Project("{FAE04EC0-301F-11D3-BF4B-00C04F79EFBC}") = "DrawShapeAssignment", "DrawShapeAssignment\DrawShapeAssignment.csproj", "{CA64723E-B038-420A-8966-087CC2C9E683}"
EndProject
Project("{FAE04EC0-301F-11D3-BF4B-00C04F79EFBC}") = "DrawShape", "DrawShape\DrawShape.csproj", "{09607E6C-2F1E-48DF-9FD1-41F4DC40D386}"
EndProject
Global
	GlobalSection(SolutionConfigurationPlatforms) = preSolution
		Debug|Any CPU = Debug|Any CPU
		Release|Any CPU = Release|Any CPU
	EndGlobalSection
	GlobalSection(ProjectConfigurationPlatforms) = postSolution
		{CA64723E-B038-420A-8966-087CC2C9E683}.Debug|Any CPU.ActiveCfg = Debug|Any CPU
		{CA64723E-B038-420A-8966-087CC2C9E683}.Debug|Any CPU.Build.0 = Debug|Any CPU
		{CA64723E-B038-420A-8966-087CC2C9E683}.Release|Any CPU.ActiveCfg = Release|Any CPU
		{CA64723E-B038-420A-8966-087CC2C9E683}.Release|Any CPU.Build.0 = Release|Any CPU
		{09607E6C-2F1E-48DF-9FD1-41F4DC40D386}.Debug|Any CPU.ActiveCfg = Debug|Any CPU
		{09607E6C-2F1E-48DF-9FD1-41F4DC40D386}.Debug|Any CPU.Build.0 = Debug|Any CPU
		{09607E6C-2F1E-48DF-9FD1-41F4DC40D386}.Release|Any CPU.ActiveCfg = Release|Any CPU
		{09607E6C-2F1E-48DF-9FD1-41F4DC40D386}.Release|Any CPU.Build.0 = Release|Any CPU
	EndGlobalSection
	GlobalSection(SolutionProperties) = preSolution
		HideSolutionNode = FALSE
	EndGlobalSection
EndGlobal
